
Microsoft Visual Studio Solution File, Format Version 12.00
# Visual Studio Version 17
VisualStudioVersion = 17.9.34701.34
MinimumVisualStudioVersion = 10.0.40219.1
Project("{FAE04EC0-301F-11D3-BF4B-00C04F79EFBC}") = "1.2 Q2", "1.2 Q2\1.2 Q2.csproj", "{1C0A997A-3212-49EB-95A7-301F1C86FFAE}"
EndProject
Global
	GlobalSection(SolutionConfigurationPlatforms) = preSolution
		Debug|Any CPU = Debug|Any CPU
		Release|Any CPU = Release|Any CPU
	EndGlobalSection
	GlobalSection(ProjectConfigurationPlatforms) = postSolution
		{1C0A997A-3212-49EB-95A7-301F1C86FFAE}.Debug|Any CPU.ActiveCfg = Debug|Any CPU
		{1C0A997A-3212-49EB-95A7-301F1C86FFAE}.Debug|Any CPU.Build.0 = Debug|Any CPU
		{1C0A997A-3212-49EB-95A7-301F1C86FFAE}.Release|Any CPU.ActiveCfg = Release|Any CPU
		{1C0A997A-3212-49EB-95A7-301F1C86FFAE}.Release|Any CPU.Build.0 = Release|Any CPU
	EndGlobalSection
	GlobalSection(SolutionProperties) = preSolution
		HideSolutionNode = FALSE
	EndGlobalSection
	GlobalSection(ExtensibilityGlobals) = postSolution
		SolutionGuid = {97328CD9-3CF3-44B8-94A5-D4FE12F6D155}
	EndGlobalSection
EndGlobal
