
Microsoft Visual Studio Solution File, Format Version 12.00
# Visual Studio Version 17
VisualStudioVersion = 17.9.34701.34
MinimumVisualStudioVersion = 10.0.40219.1
Project("{FAE04EC0-301F-11D3-BF4B-00C04F79EFBC}") = "TestAccount", "TestAccount\TestAccount.csproj", "{6758F475-2C38-4210-AC3C-1E985BA61D01}"
EndProject
Global
	GlobalSection(SolutionConfigurationPlatforms) = preSolution
		Debug|Any CPU = Debug|Any CPU
		Release|Any CPU = Release|Any CPU
	EndGlobalSection
	GlobalSection(ProjectConfigurationPlatforms) = postSolution
		{6758F475-2C38-4210-AC3C-1E985BA61D01}.Debug|Any CPU.ActiveCfg = Debug|Any CPU
		{6758F475-2C38-4210-AC3C-1E985BA61D01}.Debug|Any CPU.Build.0 = Debug|Any CPU
		{6758F475-2C38-4210-AC3C-1E985BA61D01}.Release|Any CPU.ActiveCfg = Release|Any CPU
		{6758F475-2C38-4210-AC3C-1E985BA61D01}.Release|Any CPU.Build.0 = Release|Any CPU
	EndGlobalSection
	GlobalSection(SolutionProperties) = preSolution
		HideSolutionNode = FALSE
	EndGlobalSection
	GlobalSection(ExtensibilityGlobals) = postSolution
		SolutionGuid = {69A2C331-71F8-4CC4-8B2A-C87DAF660F06}
	EndGlobalSection
EndGlobal
