
Microsoft Visual Studio Solution File, Format Version 12.00
# Visual Studio Version 17
VisualStudioVersion = 17.9.34701.34
MinimumVisualStudioVersion = 10.0.40219.1
Project("{FAE04EC0-301F-11D3-BF4B-00C04F79EFBC}") = "4.2", "4.2\4.2.csproj", "{11D01CAF-C83E-482B-985E-E2B86EBF64DC}"
EndProject
Global
	GlobalSection(SolutionConfigurationPlatforms) = preSolution
		Debug|Any CPU = Debug|Any CPU
		Release|Any CPU = Release|Any CPU
	EndGlobalSection
	GlobalSection(ProjectConfigurationPlatforms) = postSolution
		{11D01CAF-C83E-482B-985E-E2B86EBF64DC}.Debug|Any CPU.ActiveCfg = Debug|Any CPU
		{11D01CAF-C83E-482B-985E-E2B86EBF64DC}.Debug|Any CPU.Build.0 = Debug|Any CPU
		{11D01CAF-C83E-482B-985E-E2B86EBF64DC}.Release|Any CPU.ActiveCfg = Release|Any CPU
		{11D01CAF-C83E-482B-985E-E2B86EBF64DC}.Release|Any CPU.Build.0 = Release|Any CPU
	EndGlobalSection
	GlobalSection(SolutionProperties) = preSolution
		HideSolutionNode = FALSE
	EndGlobalSection
	GlobalSection(ExtensibilityGlobals) = postSolution
		SolutionGuid = {812870CB-B458-4E17-824E-7BDC7347C4AA}
	EndGlobalSection
EndGlobal
