
Microsoft Visual Studio Solution File, Format Version 12.00
# Visual Studio Version 17
VisualStudioVersion = 17.9.34701.34
MinimumVisualStudioVersion = 10.0.40219.1
Project("{FAE04EC0-301F-11D3-BF4B-00C04F79EFBC}") = "OOD 2", "OOD 2\OOD 2.csproj", "{4E721DC4-534D-46A7-BE79-175046A60F5B}"
EndProject
Global
	GlobalSection(SolutionConfigurationPlatforms) = preSolution
		Debug|Any CPU = Debug|Any CPU
		Release|Any CPU = Release|Any CPU
	EndGlobalSection
	GlobalSection(ProjectConfigurationPlatforms) = postSolution
		{4E721DC4-534D-46A7-BE79-175046A60F5B}.Debug|Any CPU.ActiveCfg = Debug|Any CPU
		{4E721DC4-534D-46A7-BE79-175046A60F5B}.Debug|Any CPU.Build.0 = Debug|Any CPU
		{4E721DC4-534D-46A7-BE79-175046A60F5B}.Release|Any CPU.ActiveCfg = Release|Any CPU
		{4E721DC4-534D-46A7-BE79-175046A60F5B}.Release|Any CPU.Build.0 = Release|Any CPU
	EndGlobalSection
	GlobalSection(SolutionProperties) = preSolution
		HideSolutionNode = FALSE
	EndGlobalSection
	GlobalSection(ExtensibilityGlobals) = postSolution
		SolutionGuid = {7B1B041F-9358-4E69-871B-90331A925E01}
	EndGlobalSection
EndGlobal
