
Microsoft Visual Studio Solution File, Format Version 12.00
# Visual Studio Version 17
VisualStudioVersion = 17.9.34701.34
MinimumVisualStudioVersion = 10.0.40219.1
Project("{FAE04EC0-301F-11D3-BF4B-00C04F79EFBC}") = "OOD 5.2", "OOD 5.2\OOD 5.2.csproj", "{2F5B6871-FFE6-46BD-987F-F5A54A87D00F}"
EndProject
Global
	GlobalSection(SolutionConfigurationPlatforms) = preSolution
		Debug|Any CPU = Debug|Any CPU
		Release|Any CPU = Release|Any CPU
	EndGlobalSection
	GlobalSection(ProjectConfigurationPlatforms) = postSolution
		{2F5B6871-FFE6-46BD-987F-F5A54A87D00F}.Debug|Any CPU.ActiveCfg = Debug|Any CPU
		{2F5B6871-FFE6-46BD-987F-F5A54A87D00F}.Debug|Any CPU.Build.0 = Debug|Any CPU
		{2F5B6871-FFE6-46BD-987F-F5A54A87D00F}.Release|Any CPU.ActiveCfg = Release|Any CPU
		{2F5B6871-FFE6-46BD-987F-F5A54A87D00F}.Release|Any CPU.Build.0 = Release|Any CPU
	EndGlobalSection
	GlobalSection(SolutionProperties) = preSolution
		HideSolutionNode = FALSE
	EndGlobalSection
	GlobalSection(ExtensibilityGlobals) = postSolution
		SolutionGuid = {2FEC3C09-0488-4A0A-9A4D-30A5DDF50937}
	EndGlobalSection
EndGlobal
