
Microsoft Visual Studio Solution File, Format Version 12.00
# Visual Studio Version 17
VisualStudioVersion = 17.9.34701.34
MinimumVisualStudioVersion = 10.0.40219.1
Project("{FAE04EC0-301F-11D3-BF4B-00C04F79EFBC}") = "Bank", "Bank\Bank.csproj", "{6244D1BB-AC76-47C3-835F-6AB9A1F12802}"
EndProject
Global
	GlobalSection(SolutionConfigurationPlatforms) = preSolution
		Debug|Any CPU = Debug|Any CPU
		Release|Any CPU = Release|Any CPU
	EndGlobalSection
	GlobalSection(ProjectConfigurationPlatforms) = postSolution
		{6244D1BB-AC76-47C3-835F-6AB9A1F12802}.Debug|Any CPU.ActiveCfg = Debug|Any CPU
		{6244D1BB-AC76-47C3-835F-6AB9A1F12802}.Debug|Any CPU.Build.0 = Debug|Any CPU
		{6244D1BB-AC76-47C3-835F-6AB9A1F12802}.Release|Any CPU.ActiveCfg = Release|Any CPU
		{6244D1BB-AC76-47C3-835F-6AB9A1F12802}.Release|Any CPU.Build.0 = Release|Any CPU
	EndGlobalSection
	GlobalSection(SolutionProperties) = preSolution
		HideSolutionNode = FALSE
	EndGlobalSection
	GlobalSection(ExtensibilityGlobals) = postSolution
		SolutionGuid = {0A20391E-26CB-4307-B84F-E63C29ADBC22}
	EndGlobalSection
EndGlobal
