
Microsoft Visual Studio Solution File, Format Version 12.00
# Visual Studio Version 17
VisualStudioVersion = 17.9.34701.34
MinimumVisualStudioVersion = 10.0.40219.1
Project("{FAE04EC0-301F-11D3-BF4B-00C04F79EFBC}") = "FuncTwo", "FuncTwo\FuncTwo.csproj", "{9B58AFEC-3CB4-412F-99FF-CD6A5B058D67}"
EndProject
Global
	GlobalSection(SolutionConfigurationPlatforms) = preSolution
		Debug|Any CPU = Debug|Any CPU
		Release|Any CPU = Release|Any CPU
	EndGlobalSection
	GlobalSection(ProjectConfigurationPlatforms) = postSolution
		{9B58AFEC-3CB4-412F-99FF-CD6A5B058D67}.Debug|Any CPU.ActiveCfg = Debug|Any CPU
		{9B58AFEC-3CB4-412F-99FF-CD6A5B058D67}.Debug|Any CPU.Build.0 = Debug|Any CPU
		{9B58AFEC-3CB4-412F-99FF-CD6A5B058D67}.Release|Any CPU.ActiveCfg = Release|Any CPU
		{9B58AFEC-3CB4-412F-99FF-CD6A5B058D67}.Release|Any CPU.Build.0 = Release|Any CPU
	EndGlobalSection
	GlobalSection(SolutionProperties) = preSolution
		HideSolutionNode = FALSE
	EndGlobalSection
	GlobalSection(ExtensibilityGlobals) = postSolution
		SolutionGuid = {032148C5-1B81-40D7-BEB0-9F0FAF035E75}
	EndGlobalSection
EndGlobal
